// !$*UTF8*$!
{
	archiveVersion = 1;
	classes = {
	};
	objectVersion = 55;
	objects = {

/* Begin PBXBuildFile section */
		63951E7C2833E68F001DF8A0 /* AppDelegate.swift in Sources */ = {isa = PBXBuildFile; fileRef = 63951E7B2833E68F001DF8A0 /* AppDelegate.swift */; };
		63951E7E2833E68F001DF8A0 /* SceneDelegate.swift in Sources */ = {isa = PBXBuildFile; fileRef = 63951E7D2833E68F001DF8A0 /* SceneDelegate.swift */; };
		63951E802833E68F001DF8A0 /* ViewController.swift in Sources */ = {isa = PBXBuildFile; fileRef = 63951E7F2833E68F001DF8A0 /* ViewController.swift */; };
		63951E832833E68F001DF8A0 /* Main.storyboard in Resources */ = {isa = PBXBuildFile; fileRef = 63951E812833E68F001DF8A0 /* Main.storyboard */; };
		63951E862833E68F001DF8A0 /* interapp.xcdatamodeld in Sources */ = {isa = PBXBuildFile; fileRef = 63951E842833E68F001DF8A0 /* interapp.xcdatamodeld */; };
		63951E882833E691001DF8A0 /* Assets.xcassets in Resources */ = {isa = PBXBuildFile; fileRef = 63951E872833E691001DF8A0 /* Assets.xcassets */; };
		63951E8B2833E691001DF8A0 /* LaunchScreen.storyboard in Resources */ = {isa = PBXBuildFile; fileRef = 63951E892833E691001DF8A0 /* LaunchScreen.storyboard */; };
		63951E962833E691001DF8A0 /* interappTests.swift in Sources */ = {isa = PBXBuildFile; fileRef = 63951E952833E691001DF8A0 /* interappTests.swift */; };
		63951EA02833E691001DF8A0 /* interappUITests.swift in Sources */ = {isa = PBXBuildFile; fileRef = 63951E9F2833E691001DF8A0 /* interappUITests.swift */; };
		63951EA22833E691001DF8A0 /* interappUITestsLaunchTests.swift in Sources */ = {isa = PBXBuildFile; fileRef = 63951EA12833E691001DF8A0 /* interappUITestsLaunchTests.swift */; };
/* End PBXBuildFile section */

/* Begin PBXContainerItemProxy section */
		63951E922833E691001DF8A0 /* PBXContainerItemProxy */ = {
			isa = PBXContainerItemProxy;
			containerPortal = 63951E702833E68F001DF8A0 /* Project object */;
			proxyType = 1;
			remoteGlobalIDString = 63951E772833E68F001DF8A0;
			remoteInfo = interapp;
		};
		63951E9C2833E691001DF8A0 /* PBXContainerItemProxy */ = {
			isa = PBXContainerItemProxy;
			containerPortal = 63951E702833E68F001DF8A0 /* Project object */;
			proxyType = 1;
			remoteGlobalIDString = 63951E772833E68F001DF8A0;
			remoteInfo = interapp;
		};
/* End PBXContainerItemProxy section */

/* Begin PBXFileReference section */
		63951E782833E68F001DF8A0 /* interapp.app */ = {isa = PBXFileReference; explicitFileType = wrapper.application; includeInIndex = 0; path = interapp.app; sourceTree = BUILT_PRODUCTS_DIR; };
		63951E7B2833E68F001DF8A0 /* AppDelegate.swift */ = {isa = PBXFileReference; lastKnownFileType = sourcecode.swift; path = AppDelegate.swift; sourceTree = "<group>"; };
		63951E7D2833E68F001DF8A0 /* SceneDelegate.swift */ = {isa = PBXFileReference; lastKnownFileType = sourcecode.swift; path = SceneDelegate.swift; sourceTree = "<group>"; };
		63951E7F2833E68F001DF8A0 /* ViewController.swift */ = {isa = PBXFileReference; lastKnownFileType = sourcecode.swift; path = ViewController.swift; sourceTree = "<group>"; };
		63951E822833E68F001DF8A0 /* Base */ = {isa = PBXFileReference; lastKnownFileType = file.storyboard; name = Base; path = Base.lproj/Main.storyboard; sourceTree = "<group>"; };
		63951E852833E68F001DF8A0 /* interapp.xcdatamodel */ = {isa = PBXFileReference; lastKnownFileType = wrapper.xcdatamodel; path = interapp.xcdatamodel; sourceTree = "<group>"; };
		63951E872833E691001DF8A0 /* Assets.xcassets */ = {isa = PBXFileReference; lastKnownFileType = folder.assetcatalog; path = Assets.xcassets; sourceTree = "<group>"; };
		63951E8A2833E691001DF8A0 /* Base */ = {isa = PBXFileReference; lastKnownFileType = file.storyboard; name = Base; path = Base.lproj/LaunchScreen.storyboard; sourceTree = "<group>"; };
		63951E8C2833E691001DF8A0 /* Info.plist */ = {isa = PBXFileReference; lastKnownFileType = text.plist.xml; path = Info.plist; sourceTree = "<group>"; };
		63951E912833E691001DF8A0 /* interappTests.xctest */ = {isa = PBXFileReference; explicitFileType = wrapper.cfbundle; includeInIndex = 0; path = interappTests.xctest; sourceTree = BUILT_PRODUCTS_DIR; };
		63951E952833E691001DF8A0 /* interappTests.swift */ = {isa = PBXFileReference; lastKnownFileType = sourcecode.swift; path = interappTests.swift; sourceTree = "<group>"; };
		63951E9B2833E691001DF8A0 /* interappUITests.xctest */ = {isa = PBXFileReference; explicitFileType = wrapper.cfbundle; includeInIndex = 0; path = interappUITests.xctest; sourceTree = BUILT_PRODUCTS_DIR; };
		63951E9F2833E691001DF8A0 /* interappUITests.swift */ = {isa = PBXFileReference; lastKnownFileType = sourcecode.swift; path = interappUITests.swift; sourceTree = "<group>"; };
		63951EA12833E691001DF8A0 /* interappUITestsLaunchTests.swift */ = {isa = PBXFileReference; lastKnownFileType = sourcecode.swift; path = interappUITestsLaunchTests.swift; sourceTree = "<group>"; };
/* End PBXFileReference section */

/* Begin PBXFrameworksBuildPhase section */
		63951E752833E68F001DF8A0 /* Frameworks */ = {
			isa = PBXFrameworksBuildPhase;
			buildActionMask = 2147483647;
			files = (
			);
			runOnlyForDeploymentPostprocessing = 0;
		};
		63951E8E2833E691001DF8A0 /* Frameworks */ = {
			isa = PBXFrameworksBuildPhase;
			buildActionMask = 2147483647;
			files = (
			);
			runOnlyForDeploymentPostprocessing = 0;
		};
		63951E982833E691001DF8A0 /* Frameworks */ = {
			isa = PBXFrameworksBuildPhase;
			buildActionMask = 2147483647;
			files = (
			);
			runOnlyForDeploymentPostprocessing = 0;
		};
/* End PBXFrameworksBuildPhase section */

/* Begin PBXGroup section */
		63951E6F2833E68F001DF8A0 = {
			isa = PBXGroup;
			children = (
				63951E7A2833E68F001DF8A0 /* interapp */,
				63951E942833E691001DF8A0 /* interappTests */,
				63951E9E2833E691001DF8A0 /* interappUITests */,
				63951E792833E68F001DF8A0 /* Products */,
			);
			sourceTree = "<group>";
		};
		63951E792833E68F001DF8A0 /* Products */ = {
			isa = PBXGroup;
			children = (
				63951E782833E68F001DF8A0 /* interapp.app */,
				63951E912833E691001DF8A0 /* interappTests.xctest */,
				63951E9B2833E691001DF8A0 /* interappUITests.xctest */,
			);
			name = Products;
			sourceTree = "<group>";
		};
		63951E7A2833E68F001DF8A0 /* interapp */ = {
			isa = PBXGroup;
			children = (
				63951E7B2833E68F001DF8A0 /* AppDelegate.swift */,
				63951E7D2833E68F001DF8A0 /* SceneDelegate.swift */,
				63951E7F2833E68F001DF8A0 /* ViewController.swift */,
				63951E812833E68F001DF8A0 /* Main.storyboard */,
				63951E872833E691001DF8A0 /* Assets.xcassets */,
				63951E892833E691001DF8A0 /* LaunchScreen.storyboard */,
				63951E8C2833E691001DF8A0 /* Info.plist */,
				63951E842833E68F001DF8A0 /* interapp.xcdatamodeld */,
			);
			path = interapp;
			sourceTree = "<group>";
		};
		63951E942833E691001DF8A0 /* interappTests */ = {
			isa = PBXGroup;
			children = (
				63951E952833E691001DF8A0 /* interappTests.swift */,
			);
			path = interappTests;
			sourceTree = "<group>";
		};
		63951E9E2833E691001DF8A0 /* interappUITests */ = {
			isa = PBXGroup;
			children = (
				63951E9F2833E691001DF8A0 /* interappUITests.swift */,
				63951EA12833E691001DF8A0 /* interappUITestsLaunchTests.swift */,
			);
			path = interappUITests;
			sourceTree = "<group>";
		};
/* End PBXGroup section */

/* Begin PBXNativeTarget section */
		63951E772833E68F001DF8A0 /* interapp */ = {
			isa = PBXNativeTarget;
			buildConfigurationList = 63951EA52833E691001DF8A0 /* Build configuration list for PBXNativeTarget "interapp" */;
			buildPhases = (
				63951E742833E68F001DF8A0 /* Sources */,
				63951E752833E68F001DF8A0 /* Frameworks */,
				63951E762833E68F001DF8A0 /* Resources */,
			);
			buildRules = (
			);
			dependencies = (
			);
			name = interapp;
			productName = interapp;
			productReference = 63951E782833E68F001DF8A0 /* interapp.app */;
			productType = "com.apple.product-type.application";
		};
		63951E902833E691001DF8A0 /* interappTests */ = {
			isa = PBXNativeTarget;
			buildConfigurationList = 63951EA82833E691001DF8A0 /* Build configuration list for PBXNativeTarget "interappTests" */;
			buildPhases = (
				63951E8D2833E691001DF8A0 /* Sources */,
				63951E8E2833E691001DF8A0 /* Frameworks */,
				63951E8F2833E691001DF8A0 /* Resources */,
			);
			buildRules = (
			);
			dependencies = (
				63951E932833E691001DF8A0 /* PBXTargetDependency */,
			);
			name = interappTests;
			productName = interappTests;
			productReference = 63951E912833E691001DF8A0 /* interappTests.xctest */;
			productType = "com.apple.product-type.bundle.unit-test";
		};
		63951E9A2833E691001DF8A0 /* interappUITests */ = {
			isa = PBXNativeTarget;
			buildConfigurationList = 63951EAB2833E691001DF8A0 /* Build configuration list for PBXNativeTarget "interappUITests" */;
			buildPhases = (
				63951E972833E691001DF8A0 /* Sources */,
				63951E982833E691001DF8A0 /* Frameworks */,
				63951E992833E691001DF8A0 /* Resources */,
			);
			buildRules = (
			);
			dependencies = (
				63951E9D2833E691001DF8A0 /* PBXTargetDependency */,
			);
			name = interappUITests;
			productName = interappUITests;
			productReference = 63951E9B2833E691001DF8A0 /* interappUITests.xctest */;
			productType = "com.apple.product-type.bundle.ui-testing";
		};
/* End PBXNativeTarget section */

/* Begin PBXProject section */
		63951E702833E68F001DF8A0 /* Project object */ = {
			isa = PBXProject;
			attributes = {
				BuildIndependentTargetsInParallel = 1;
				LastSwiftUpdateCheck = 1320;
				LastUpgradeCheck = 1320;
				TargetAttributes = {
					63951E772833E68F001DF8A0 = {
						CreatedOnToolsVersion = 13.2.1;
					};
					63951E902833E691001DF8A0 = {
						CreatedOnToolsVersion = 13.2.1;
						TestTargetID = 63951E772833E68F001DF8A0;
					};
					63951E9A2833E691001DF8A0 = {
						CreatedOnToolsVersion = 13.2.1;
						TestTargetID = 63951E772833E68F001DF8A0;
					};
				};
			};
			buildConfigurationList = 63951E732833E68F001DF8A0 /* Build configuration list for PBXProject "interapp" */;
			compatibilityVersion = "Xcode 13.0";
			developmentRegion = en;
			hasScannedForEncodings = 0;
			knownRegions = (
				en,
				Base,
			);
			mainGroup = 63951E6F2833E68F001DF8A0;
			productRefGroup = 63951E792833E68F001DF8A0 /* Products */;
			projectDirPath = "";
			projectRoot = "";
			targets = (
				63951E772833E68F001DF8A0 /* interapp */,
				63951E902833E691001DF8A0 /* interappTests */,
				63951E9A2833E691001DF8A0 /* interappUITests */,
			);
		};
/* End PBXProject section */

/* Begin PBXResourcesBuildPhase section */
		63951E762833E68F001DF8A0 /* Resources */ = {
			isa = PBXResourcesBuildPhase;
			buildActionMask = 2147483647;
			files = (
				63951E8B2833E691001DF8A0 /* LaunchScreen.storyboard in Resources */,
				63951E882833E691001DF8A0 /* Assets.xcassets in Resources */,
				63951E832833E68F001DF8A0 /* Main.storyboard in Resources */,
			);
			runOnlyForDeploymentPostprocessing = 0;
		};
		63951E8F2833E691001DF8A0 /* Resources */ = {
			isa = PBXResourcesBuildPhase;
			buildActionMask = 2147483647;
			files = (
			);
			runOnlyForDeploymentPostprocessing = 0;
		};
		63951E992833E691001DF8A0 /* Resources */ = {
			isa = PBXResourcesBuildPhase;
			buildActionMask = 2147483647;
			files = (
			);
			runOnlyForDeploymentPostprocessing = 0;
		};
/* End PBXResourcesBuildPhase section */

/* Begin PBXSourcesBuildPhase section */
		63951E742833E68F001DF8A0 /* Sources */ = {
			isa = PBXSourcesBuildPhase;
			buildActionMask = 2147483647;
			files = (
				63951E862833E68F001DF8A0 /* interapp.xcdatamodeld in Sources */,
				63951E802833E68F001DF8A0 /* ViewController.swift in Sources */,
				63951E7C2833E68F001DF8A0 /* AppDelegate.swift in Sources */,
				63951E7E2833E68F001DF8A0 /* SceneDelegate.swift in Sources */,
			);
			runOnlyForDeploymentPostprocessing = 0;
		};
		63951E8D2833E691001DF8A0 /* Sources */ = {
			isa = PBXSourcesBuildPhase;
			buildActionMask = 2147483647;
			files = (
				63951E962833E691001DF8A0 /* interappTests.swift in Sources */,
			);
			runOnlyForDeploymentPostprocessing = 0;
		};
		63951E972833E691001DF8A0 /* Sources */ = {
			isa = PBXSourcesBuildPhase;
			buildActionMask = 2147483647;
			files = (
				63951EA22833E691001DF8A0 /* interappUITestsLaunchTests.swift in Sources */,
				63951EA02833E691001DF8A0 /* interappUITests.swift in Sources */,
			);
			runOnlyForDeploymentPostprocessing = 0;
		};
/* End PBXSourcesBuildPhase section */

/* Begin PBXTargetDependency section */
		63951E932833E691001DF8A0 /* PBXTargetDependency */ = {
			isa = PBXTargetDependency;
			target = 63951E772833E68F001DF8A0 /* interapp */;
			targetProxy = 63951E922833E691001DF8A0 /* PBXContainerItemProxy */;
		};
		63951E9D2833E691001DF8A0 /* PBXTargetDependency */ = {
			isa = PBXTargetDependency;
			target = 63951E772833E68F001DF8A0 /* interapp */;
			targetProxy = 63951E9C2833E691001DF8A0 /* PBXContainerItemProxy */;
		};
/* End PBXTargetDependency section */

/* Begin PBXVariantGroup section */
		63951E812833E68F001DF8A0 /* Main.storyboard */ = {
			isa = PBXVariantGroup;
			children = (
				63951E822833E68F001DF8A0 /* Base */,
			);
			name = Main.storyboard;
			sourceTree = "<group>";
		};
		63951E892833E691001DF8A0 /* LaunchScreen.storyboard */ = {
			isa = PBXVariantGroup;
			children = (
				63951E8A2833E691001DF8A0 /* Base */,
			);
			name = LaunchScreen.storyboard;
			sourceTree = "<group>";
		};
/* End PBXVariantGroup section */

/* Begin XCBuildConfiguration section */
		63951EA32833E691001DF8A0 /* Debug */ = {
			isa = XCBuildConfiguration;
			buildSettings = {
				ALWAYS_SEARCH_USER_PATHS = NO;
				CLANG_ANALYZER_NONNULL = YES;
				CLANG_ANALYZER_NUMBER_OBJECT_CONVERSION = YES_AGGRESSIVE;
				CLANG_CXX_LANGUAGE_STANDARD = "gnu++17";
				CLANG_CXX_LIBRARY = "libc++";
				CLANG_ENABLE_MODULES = YES;
				CLANG_ENABLE_OBJC_ARC = YES;
				CLANG_ENABLE_OBJC_WEAK = YES;
				CLANG_WARN_BLOCK_CAPTURE_AUTORELEASING = YES;
				CLANG_WARN_BOOL_CONVERSION = YES;
				CLANG_WARN_COMMA = YES;
				CLANG_WARN_CONSTANT_CONVERSION = YES;
				CLANG_WARN_DEPRECATED_OBJC_IMPLEMENTATIONS = YES;
				CLANG_WARN_DIRECT_OBJC_ISA_USAGE = YES_ERROR;
				CLANG_WARN_DOCUMENTATION_COMMENTS = YES;
				CLANG_WARN_EMPTY_BODY = YES;
				CLANG_WARN_ENUM_CONVERSION = YES;
				CLANG_WARN_INFINITE_RECURSION = YES;
				CLANG_WARN_INT_CONVERSION = YES;
				CLANG_WARN_NON_LITERAL_NULL_CONVERSION = YES;
				CLANG_WARN_OBJC_IMPLICIT_RETAIN_SELF = YES;
				CLANG_WARN_OBJC_LITERAL_CONVERSION = YES;
				CLANG_WARN_OBJC_ROOT_CLASS = YES_ERROR;
				CLANG_WARN_QUOTED_INCLUDE_IN_FRAMEWORK_HEADER = YES;
				CLANG_WARN_RANGE_LOOP_ANALYSIS = YES;
				CLANG_WARN_STRICT_PROTOTYPES = YES;
				CLANG_WARN_SUSPICIOUS_MOVE = YES;
				CLANG_WARN_UNGUARDED_AVAILABILITY = YES_AGGRESSIVE;
				CLANG_WARN_UNREACHABLE_CODE = YES;
				CLANG_WARN__DUPLICATE_METHOD_MATCH = YES;
				COPY_PHASE_STRIP = NO;
				DEBUG_INFORMATION_FORMAT = dwarf;
				ENABLE_STRICT_OBJC_MSGSEND = YES;
				ENABLE_TESTABILITY = YES;
				GCC_C_LANGUAGE_STANDARD = gnu11;
				GCC_DYNAMIC_NO_PIC = NO;
				GCC_NO_COMMON_BLOCKS = YES;
				GCC_OPTIMIZATION_LEVEL = 0;
				GCC_PREPROCESSOR_DEFINITIONS = (
					"DEBUG=1",
					"$(inherited)",
				);
				GCC_WARN_64_TO_32_BIT_CONVERSION = YES;
				GCC_WARN_ABOUT_RETURN_TYPE = YES_ERROR;
				GCC_WARN_UNDECLARED_SELECTOR = YES;
				GCC_WARN_UNINITIALIZED_AUTOS = YES_AGGRESSIVE;
				GCC_WARN_UNUSED_FUNCTION = YES;
				GCC_WARN_UNUSED_VARIABLE = YES;
				IPHONEOS_DEPLOYMENT_TARGET = 15.2;
				MTL_ENABLE_DEBUG_INFO = INCLUDE_SOURCE;
				MTL_FAST_MATH = YES;
				ONLY_ACTIVE_ARCH = YES;
				SDKROOT = iphoneos;
				SWIFT_ACTIVE_COMPILATION_CONDITIONS = DEBUG;
				SWIFT_OPTIMIZATION_LEVEL = "-Onone";
			};
			name = Debug;
		};
		63951EA42833E691001DF8A0 /* Release */ = {
			isa = XCBuildConfiguration;
			buildSettings = {
				ALWAYS_SEARCH_USER_PATHS = NO;
				CLANG_ANALYZER_NONNULL = YES;
				CLANG_ANALYZER_NUMBER_OBJECT_CONVERSION = YES_AGGRESSIVE;
				CLANG_CXX_LANGUAGE_STANDARD = "gnu++17";
				CLANG_CXX_LIBRARY = "libc++";
				CLANG_ENABLE_MODULES = YES;
				CLANG_ENABLE_OBJC_ARC = YES;
				CLANG_ENABLE_OBJC_WEAK = YES;
				CLANG_WARN_BLOCK_CAPTURE_AUTORELEASING = YES;
				CLANG_WARN_BOOL_CONVERSION = YES;
				CLANG_WARN_COMMA = YES;
				CLANG_WARN_CONSTANT_CONVERSION = YES;
				CLANG_WARN_DEPRECATED_OBJC_IMPLEMENTATIONS = YES;
				CLANG_WARN_DIRECT_OBJC_ISA_USAGE = YES_ERROR;
				CLANG_WARN_DOCUMENTATION_COMMENTS = YES;
				CLANG_WARN_EMPTY_BODY = YES;
				CLANG_WARN_ENUM_CONVERSION = YES;
				CLANG_WARN_INFINITE_RECURSION = YES;
				CLANG_WARN_INT_CONVERSION = YES;
				CLANG_WARN_NON_LITERAL_NULL_CONVERSION = YES;
				CLANG_WARN_OBJC_IMPLICIT_RETAIN_SELF = YES;
				CLANG_WARN_OBJC_LITERAL_CONVERSION = YES;
				CLANG_WARN_OBJC_ROOT_CLASS = YES_ERROR;
				CLANG_WARN_QUOTED_INCLUDE_IN_FRAMEWORK_HEADER = YES;
				CLANG_WARN_RANGE_LOOP_ANALYSIS = YES;
				CLANG_WARN_STRICT_PROTOTYPES = YES;
				CLANG_WARN_SUSPICIOUS_MOVE = YES;
				CLANG_WARN_UNGUARDED_AVAILABILITY = YES_AGGRESSIVE;
				CLANG_WARN_UNREACHABLE_CODE = YES;
				CLANG_WARN__DUPLICATE_METHOD_MATCH = YES;
				COPY_PHASE_STRIP = NO;
				DEBUG_INFORMATION_FORMAT = "dwarf-with-dsym";
				ENABLE_NS_ASSERTIONS = NO;
				ENABLE_STRICT_OBJC_MSGSEND = YES;
				GCC_C_LANGUAGE_STANDARD = gnu11;
				GCC_NO_COMMON_BLOCKS = YES;
				GCC_WARN_64_TO_32_BIT_CONVERSION = YES;
				GCC_WARN_ABOUT_RETURN_TYPE = YES_ERROR;
				GCC_WARN_UNDECLARED_SELECTOR = YES;
				GCC_WARN_UNINITIALIZED_AUTOS = YES_AGGRESSIVE;
				GCC_WARN_UNUSED_FUNCTION = YES;
				GCC_WARN_UNUSED_VARIABLE = YES;
				IPHONEOS_DEPLOYMENT_TARGET = 15.2;
				MTL_ENABLE_DEBUG_INFO = NO;
				MTL_FAST_MATH = YES;
				SDKROOT = iphoneos;
				SWIFT_COMPILATION_MODE = wholemodule;
				SWIFT_OPTIMIZATION_LEVEL = "-O";
				VALIDATE_PRODUCT = YES;
			};
			name = Release;
		};
		63951EA62833E691001DF8A0 /* Debug */ = {
			isa = XCBuildConfiguration;
			buildSettings = {
				ASSETCATALOG_COMPILER_APPICON_NAME = AppIcon;
				ASSETCATALOG_COMPILER_GLOBAL_ACCENT_COLOR_NAME = AccentColor;
				CODE_SIGN_STYLE = Automatic;
				CURRENT_PROJECT_VERSION = 1;
				DEVELOPMENT_TEAM = XE5HCSF28P;
				GENERATE_INFOPLIST_FILE = YES;
				INFOPLIST_FILE = interapp/Info.plist;
				INFOPLIST_KEY_UIApplicationSupportsIndirectInputEvents = YES;
				INFOPLIST_KEY_UILaunchStoryboardName = LaunchScreen;
				INFOPLIST_KEY_UIMainStoryboardFile = Main;
				INFOPLIST_KEY_UISupportedInterfaceOrientations_iPad = "UIInterfaceOrientationPortrait UIInterfaceOrientationPortraitUpsideDown UIInterfaceOrientationLandscapeLeft UIInterfaceOrientationLandscapeRight";
				INFOPLIST_KEY_UISupportedInterfaceOrientations_iPhone = "UIInterfaceOrientationPortrait UIInterfaceOrientationLandscapeLeft UIInterfaceOrientationLandscapeRight";
				LD_RUNPATH_SEARCH_PATHS = (
					"$(inherited)",
					"@executable_path/Frameworks",
				);
				MARKETING_VERSION = 1.0;
				PRODUCT_BUNDLE_IDENTIFIER = coshare.interapp;
				PRODUCT_NAME = "$(TARGET_NAME)";
				SWIFT_EMIT_LOC_STRINGS = YES;
				SWIFT_VERSION = 5.0;
				TARGETED_DEVICE_FAMILY = "1,2";
			};
			name = Debug;
		};
		63951EA72833E691001DF8A0 /* Release */ = {
			isa = XCBuildConfiguration;
			buildSettings = {
				ASSETCATALOG_COMPILER_APPICON_NAME = AppIcon;
				ASSETCATALOG_COMPILER_GLOBAL_ACCENT_COLOR_NAME = AccentColor;
				CODE_SIGN_STYLE = Automatic;
				CURRENT_PROJECT_VERSION = 1;
				DEVELOPMENT_TEAM = XE5HCSF28P;
				GENERATE_INFOPLIST_FILE = YES;
				INFOPLIST_FILE = interapp/Info.plist;
				INFOPLIST_KEY_UIApplicationSupportsIndirectInputEvents = YES;
				INFOPLIST_KEY_UILaunchStoryboardName = LaunchScreen;
				INFOPLIST_KEY_UIMainStoryboardFile = Main;
				INFOPLIST_KEY_UISupportedInterfaceOrientations_iPad = "UIInterfaceOrientationPortrait UIInterfaceOrientationPortraitUpsideDown UIInterfaceOrientationLandscapeLeft UIInterfaceOrientationLandscapeRight";
				INFOPLIST_KEY_UISupportedInterfaceOrientations_iPhone = "UIInterfaceOrientationPortrait UIInterfaceOrientationLandscapeLeft UIInterfaceOrientationLandscapeRight";
				LD_RUNPATH_SEARCH_PATHS = (
					"$(inherited)",
					"@executable_path/Frameworks",
				);
				MARKETING_VERSION = 1.0;
				PRODUCT_BUNDLE_IDENTIFIER = coshare.interapp;
				PRODUCT_NAME = "$(TARGET_NAME)";
				SWIFT_EMIT_LOC_STRINGS = YES;
				SWIFT_VERSION = 5.0;
				TARGETED_DEVICE_FAMILY = "1,2";
			};
			name = Release;
		};
		63951EA92833E691001DF8A0 /* Debug */ = {
			isa = XCBuildConfiguration;
			buildSettings = {
				ALWAYS_EMBED_SWIFT_STANDARD_LIBRARIES = YES;
				BUNDLE_LOADER = "$(TEST_HOST)";
				CODE_SIGN_STYLE = Automatic;
				CURRENT_PROJECT_VERSION = 1;
				DEVELOPMENT_TEAM = XE5HCSF28P;
				GENERATE_INFOPLIST_FILE = YES;
				IPHONEOS_DEPLOYMENT_TARGET = 15.2;
				MARKETING_VERSION = 1.0;
				PRODUCT_BUNDLE_IDENTIFIER = coshare.interappTests;
				PRODUCT_NAME = "$(TARGET_NAME)";
				SWIFT_EMIT_LOC_STRINGS = NO;
				SWIFT_VERSION = 5.0;
				TARGETED_DEVICE_FAMILY = "1,2";
				TEST_HOST = "$(BUILT_PRODUCTS_DIR)/interapp.app/interapp";
			};
			name = Debug;
		};
		63951EAA2833E691001DF8A0 /* Release */ = {
			isa = XCBuildConfiguration;
			buildSettings = {
				ALWAYS_EMBED_SWIFT_STANDARD_LIBRARIES = YES;
				BUNDLE_LOADER = "$(TEST_HOST)";
				CODE_SIGN_STYLE = Automatic;
				CURRENT_PROJECT_VERSION = 1;
				DEVELOPMENT_TEAM = XE5HCSF28P;
				GENERATE_INFOPLIST_FILE = YES;
				IPHONEOS_DEPLOYMENT_TARGET = 15.2;
				MARKETING_VERSION = 1.0;
				PRODUCT_BUNDLE_IDENTIFIER = coshare.interappTests;
				PRODUCT_NAME = "$(TARGET_NAME)";
				SWIFT_EMIT_LOC_STRINGS = NO;
				SWIFT_VERSION = 5.0;
				TARGETED_DEVICE_FAMILY = "1,2";
				TEST_HOST = "$(BUILT_PRODUCTS_DIR)/interapp.app/interapp";
			};
			name = Release;
		};
		63951EAC2833E691001DF8A0 /* Debug */ = {
			isa = XCBuildConfiguration;
			buildSettings = {
				ALWAYS_EMBED_SWIFT_STANDARD_LIBRARIES = YES;
				CODE_SIGN_STYLE = Automatic;
				CURRENT_PROJECT_VERSION = 1;
				DEVELOPMENT_TEAM = XE5HCSF28P;
				GENERATE_INFOPLIST_FILE = YES;
				MARKETING_VERSION = 1.0;
				PRODUCT_BUNDLE_IDENTIFIER = coshare.interappUITests;
				PRODUCT_NAME = "$(TARGET_NAME)";
				SWIFT_EMIT_LOC_STRINGS = NO;
				SWIFT_VERSION = 5.0;
				TARGETED_DEVICE_FAMILY = "1,2";
				TEST_TARGET_NAME = interapp;
			};
			name = Debug;
		};
		63951EAD2833E691001DF8A0 /* Release */ = {
			isa = XCBuildConfiguration;
			buildSettings = {
				ALWAYS_EMBED_SWIFT_STANDARD_LIBRARIES = YES;
				CODE_SIGN_STYLE = Automatic;
				CURRENT_PROJECT_VERSION = 1;
				DEVELOPMENT_TEAM = XE5HCSF28P;
				GENERATE_INFOPLIST_FILE = YES;
				MARKETING_VERSION = 1.0;
				PRODUCT_BUNDLE_IDENTIFIER = coshare.interappUITests;
				PRODUCT_NAME = "$(TARGET_NAME)";
				SWIFT_EMIT_LOC_STRINGS = NO;
				SWIFT_VERSION = 5.0;
				TARGETED_DEVICE_FAMILY = "1,2";
				TEST_TARGET_NAME = interapp;
			};
			name = Release;
		};
/* End XCBuildConfiguration section */

/* Begin XCConfigurationList section */
		63951E732833E68F001DF8A0 /* Build configuration list for PBXProject "interapp" */ = {
			isa = XCConfigurationList;
			buildConfigurations = (
				63951EA32833E691001DF8A0 /* Debug */,
				63951EA42833E691001DF8A0 /* Release */,
			);
			defaultConfigurationIsVisible = 0;
			defaultConfigurationName = Release;
		};
		63951EA52833E691001DF8A0 /* Build configuration list for PBXNativeTarget "interapp" */ = {
			isa = XCConfigurationList;
			buildConfigurations = (
				63951EA62833E691001DF8A0 /* Debug */,
				63951EA72833E691001DF8A0 /* Release */,
			);
			defaultConfigurationIsVisible = 0;
			defaultConfigurationName = Release;
		};
		63951EA82833E691001DF8A0 /* Build configuration list for PBXNativeTarget "interappTests" */ = {
			isa = XCConfigurationList;
			buildConfigurations = (
				63951EA92833E691001DF8A0 /* Debug */,
				63951EAA2833E691001DF8A0 /* Release */,
			);
			defaultConfigurationIsVisible = 0;
			defaultConfigurationName = Release;
		};
		63951EAB2833E691001DF8A0 /* Build configuration list for PBXNativeTarget "interappUITests" */ = {
			isa = XCConfigurationList;
			buildConfigurations = (
				63951EAC2833E691001DF8A0 /* Debug */,
				63951EAD2833E691001DF8A0 /* Release */,
			);
			defaultConfigurationIsVisible = 0;
			defaultConfigurationName = Release;
		};
/* End XCConfigurationList section */

/* Begin XCVersionGroup section */
		63951E842833E68F001DF8A0 /* interapp.xcdatamodeld */ = {
			isa = XCVersionGroup;
			children = (
				63951E852833E68F001DF8A0 /* interapp.xcdatamodel */,
			);
			currentVersion = 63951E852833E68F001DF8A0 /* interapp.xcdatamodel */;
			path = interapp.xcdatamodeld;
			sourceTree = "<group>";
			versionGroupType = wrapper.xcdatamodel;
		};
/* End XCVersionGroup section */
	};
	rootObject = 63951E702833E68F001DF8A0 /* Project object */;
}
